
Microsoft Visual Studio Solution File, Format Version 12.00
# Visual Studio 15
VisualStudioVersion = 15.0.28307.572
MinimumVisualStudioVersion = 10.0.40219.1
Project("{FAE04EC0-301F-11D3-BF4B-00C04F79EFBC}") = "PrimZahlenEratosthenes", "PrimZahlenEratosthenes\PrimZahlenEratosthenes.csproj", "{6183CDCB-8B5A-4158-8BEC-5F79BB78E89A}"
EndProject
Global
	GlobalSection(SolutionConfigurationPlatforms) = preSolution
		Debug|Any CPU = Debug|Any CPU
		Release|Any CPU = Release|Any CPU
	EndGlobalSection
	GlobalSection(ProjectConfigurationPlatforms) = postSolution
		{6183CDCB-8B5A-4158-8BEC-5F79BB78E89A}.Debug|Any CPU.ActiveCfg = Debug|Any CPU
		{6183CDCB-8B5A-4158-8BEC-5F79BB78E89A}.Debug|Any CPU.Build.0 = Debug|Any CPU
		{6183CDCB-8B5A-4158-8BEC-5F79BB78E89A}.Release|Any CPU.ActiveCfg = Release|Any CPU
		{6183CDCB-8B5A-4158-8BEC-5F79BB78E89A}.Release|Any CPU.Build.0 = Release|Any CPU
	EndGlobalSection
	GlobalSection(SolutionProperties) = preSolution
		HideSolutionNode = FALSE
	EndGlobalSection
	GlobalSection(ExtensibilityGlobals) = postSolution
		SolutionGuid = {A57DC81C-34B0-4735-92AB-DC3FD629FEED}
	EndGlobalSection
EndGlobal
